
Microsoft Visual Studio Solution File, Format Version 12.00
# Visual Studio Version 16
VisualStudioVersion = 16.0.31205.134
MinimumVisualStudioVersion = 10.0.40219.1
Project("{9A19103F-16F7-4668-BE54-9A1E7A4F7556}") = "NPSFalabella.Infraestructure", "NPSFalabella.Infraestructure\NPSFalabella.Infraestructure.csproj", "{3F7786FD-3F6A-4E45-A35E-D2242F18D2F5}"
EndProject
Project("{9A19103F-16F7-4668-BE54-9A1E7A4F7556}") = "NPSFalabella.Core", "NPSFalabella.Core\NPSFalabella.Core.csproj", "{A5C971E2-F5F6-41AD-A036-78AF690A7D8D}"
EndProject
Project("{9A19103F-16F7-4668-BE54-9A1E7A4F7556}") = "NPSFalabella.Process", "NPSFalabella.Process\NPSFalabella.Process.csproj", "{58EBB422-13C3-4C3C-9E40-8642DB58592A}"
EndProject
Global
	GlobalSection(SolutionConfigurationPlatforms) = preSolution
		Debug|Any CPU = Debug|Any CPU
		Release|Any CPU = Release|Any CPU
	EndGlobalSection
	GlobalSection(ProjectConfigurationPlatforms) = postSolution
		{3F7786FD-3F6A-4E45-A35E-D2242F18D2F5}.Debug|Any CPU.ActiveCfg = Debug|Any CPU
		{3F7786FD-3F6A-4E45-A35E-D2242F18D2F5}.Debug|Any CPU.Build.0 = Debug|Any CPU
		{3F7786FD-3F6A-4E45-A35E-D2242F18D2F5}.Release|Any CPU.ActiveCfg = Release|Any CPU
		{3F7786FD-3F6A-4E45-A35E-D2242F18D2F5}.Release|Any CPU.Build.0 = Release|Any CPU
		{A5C971E2-F5F6-41AD-A036-78AF690A7D8D}.Debug|Any CPU.ActiveCfg = Debug|Any CPU
		{A5C971E2-F5F6-41AD-A036-78AF690A7D8D}.Debug|Any CPU.Build.0 = Debug|Any CPU
		{A5C971E2-F5F6-41AD-A036-78AF690A7D8D}.Release|Any CPU.ActiveCfg = Release|Any CPU
		{A5C971E2-F5F6-41AD-A036-78AF690A7D8D}.Release|Any CPU.Build.0 = Release|Any CPU
		{58EBB422-13C3-4C3C-9E40-8642DB58592A}.Debug|Any CPU.ActiveCfg = Debug|Any CPU
		{58EBB422-13C3-4C3C-9E40-8642DB58592A}.Debug|Any CPU.Build.0 = Debug|Any CPU
		{58EBB422-13C3-4C3C-9E40-8642DB58592A}.Release|Any CPU.ActiveCfg = Release|Any CPU
		{58EBB422-13C3-4C3C-9E40-8642DB58592A}.Release|Any CPU.Build.0 = Release|Any CPU
	EndGlobalSection
	GlobalSection(SolutionProperties) = preSolution
		HideSolutionNode = FALSE
	EndGlobalSection
	GlobalSection(ExtensibilityGlobals) = postSolution
		SolutionGuid = {BD57526B-1D11-479A-8438-25510178D723}
	EndGlobalSection
EndGlobal
